lockfileVersion: '9.0'

settings:
  autoInstallPeers: true
  excludeLinksFromLockfile: false

importers:

  .:
    devDependencies:
      '@fullhuman/postcss-purgecss':
        specifier: ^6.0.0
        version: 6.0.0(postcss@8.5.14)
      autoprefixer:
        specifier: ^10.5.0
        version: 10.5.0(postcss@8.5.14)
      cssnano:
        specifier: ^8.0.0
        version: 8.0.0(postcss@8.5.14)
      daisyui:
        specifier: ^5.5.19
        version: 5.5.19
      postcss:
        specifier: ^8.5.14
        version: 8.5.14
      postcss-cli:
        specifier: ^11.0.1
        version: 11.0.1(postcss@8.5.14)
      tailwindcss:
        specifier: ^4.2.4
        version: 4.2.4

packages:

  '@colordx/core@5.4.3':
    resolution: {integrity: sha512-kIxYSfA5T8HXjav55UaaH/o/cKivF6jCCGIb8eqtcsfI46wsvlSiT8jMDyrl779qLec3c2c2oHBZo4oAhvbjrQ==}

  '@fullhuman/postcss-purgecss@6.0.0':
    resolution: {integrity: sha512-sUvk5PV7O5xvTJcxDYrQ00xlKtSxivvJdZrwgxE8F1GmNMs7w9U+dSbr83N/qEs9b+f+6QsZKXDs0k8nMjBIqA==}
    peerDependencies:
      postcss: ^8.0.0

  '@isaacs/cliui@8.0.2':
    resolution: {integrity: sha512-O8jcjabXaleOG9DQ0+ARXWZBTfnP4WNAqzuiJK7ll44AmxGKv/J2M4TPjxjY3znBCfvBXFzucm1twdyFybFqEA==}
    engines: {node: '>=12'}

  '@pkgjs/parseargs@0.11.0':
    resolution: {integrity: sha512-+1VkjdD0QBLPodGrJUeqarH8VAIvQODIbwh9XpP5Syisf7YoQgsJKPNFoqqLQlu+VQ/tVSshMR6loPMn8U+dPg==}
    engines: {node: '>=14'}

  ansi-regex@5.0.1:
    resolution: {integrity: sha512-quJQXlTSUGL2LH9SUXo8VwsY4soanhgo6LNSm84E1LBcE8s3O0wpdiRzyR9z/ZZJMlMWv37qOOb9pdJlMUEKFQ==}
    engines: {node: '>=8'}

  ansi-regex@6.2.2:
    resolution: {integrity: sha512-Bq3SmSpyFHaWjPk8If9yc6svM8c56dB5BAtW4Qbw5jHTwwXXcTLoRMkpDJp6VL0XzlWaCHTXrkFURMYmD0sLqg==}
    engines: {node: '>=12'}

  ansi-styles@4.3.0:
    resolution: {integrity: sha512-zbB9rCJAT1rbjiVDb2hqKFHNYLxgtk8NURxZ3IZwD3F6NtxbXZQCnnSi1Lkx+IDohdPlFp222wVALIheZJQSEg==}
    engines: {node: '>=8'}

  ansi-styles@6.2.3:
    resolution: {integrity: sha512-4Dj6M28JB+oAH8kFkTLUo+a2jwOFkuqb3yucU0CANcRRUbxS0cP0nZYCGjcc3BNXwRIsUVmDGgzawme7zvJHvg==}
    engines: {node: '>=12'}

  anymatch@3.1.3:
    resolution: {integrity: sha512-KMReFUr0B4t+D+OBkjR3KYqvocp2XaSzO55UcB6mgQMd3KbcE+mWTyvVV7D/zsdEbNnV6acZUutkiHQXvTr1Rw==}
    engines: {node: '>= 8'}

  autoprefixer@10.5.0:
    resolution: {integrity: sha512-FMhOoZV4+qR6aTUALKX2rEqGG+oyATvwBt9IIzVR5rMa2HRWPkxf+P+PAJLD1I/H5/II+HuZcBJYEFBpq39ong==}
    engines: {node: ^10 || ^12 || >=14}
    hasBin: true
    peerDependencies:
      postcss: ^8.1.0

  balanced-match@1.0.2:
    resolution: {integrity: sha512-3oSeUO0TMV67hN1AmbXsK4yaqU7tjiHlbxRDZOpH0KW9+CeX4bRAaX0Anxt0tx2MrpRpWwQaPwIlISEJhYU5Pw==}

  baseline-browser-mapping@2.10.27:
    resolution: {integrity: sha512-zEs/ufmZoUd7WftKpKyXaT6RFxpQ5Qm9xytKRHvJfxFV9DFJkZph9RvJ1LcOUi0Z1ZVijMte65JbILeV+8QQEA==}
    engines: {node: '>=6.0.0'}
    hasBin: true

  binary-extensions@2.3.0:
    resolution: {integrity: sha512-Ceh+7ox5qe7LJuLHoY0feh3pHuUDHAcRUeyL2VYghZwfpkNIy/+8Ocg0a3UuSoYzavmylwuLWQOf3hl0jjMMIw==}
    engines: {node: '>=8'}

  boolbase@1.0.0:
    resolution: {integrity: sha512-JZOSA7Mo9sNGB8+UjSgzdLtokWAky1zbztM3WRLCbZ70/3cTANmQmOdR7y2g+J0e2WXywy1yS468tY+IruqEww==}

  brace-expansion@2.1.0:
    resolution: {integrity: sha512-TN1kCZAgdgweJhWWpgKYrQaMNHcDULHkWwQIspdtjV4Y5aurRdZpjAqn6yX3FPqTA9ngHCc4hJxMAMgGfve85w==}

  braces@3.0.3:
    resolution: {integrity: sha512-yQbXgO/OSZVD2IsiLlro+7Hf6Q18EJrKSEsdoMzKePKXct3gvD8oLcOQdIzGupr5Fj+EDe8gO/lxc1BzfMpxvA==}
    engines: {node: '>=8'}

  browserslist@4.28.2:
    resolution: {integrity: sha512-48xSriZYYg+8qXna9kwqjIVzuQxi+KYWp2+5nCYnYKPTr0LvD89Jqk2Or5ogxz0NUMfIjhh2lIUX/LyX9B4oIg==}
    engines: {node: ^6 || ^7 || ^8 || ^9 || ^10 || ^11 || ^12 || >=13.7}
    hasBin: true

  caniuse-api@3.0.0:
    resolution: {integrity: sha512-bsTwuIg/BZZK/vreVTYYbSWoe2F+71P7K5QGEX+pT250DZbfU1MQ5prOKpPR+LL6uWKK3KMwMCAS74QB3Um1uw==}

  caniuse-lite@1.0.30001792:
    resolution: {integrity: sha512-hVLMUZFgR4JJ6ACt1uEESvQN1/dBVqPAKY0hgrV70eN3391K6juAfTjKZLKvOMsx8PxA7gsY1/tLMMTcfFLLpw==}

  chokidar@3.6.0:
    resolution: {integrity: sha512-7VT13fmjotKpGipCW9JEQAusEPE+Ei8nl6/g4FBAmIm0GOOLMua9NDDo/DWp0ZAxCr3cPq5ZpBqmPAQgDda2Pw==}
    engines: {node: '>= 8.10.0'}

  cliui@8.0.1:
    resolution: {integrity: sha512-BSeNnyus75C4//NQ9gQt1/csTXyo/8Sb+afLAkzAptFuMsod9HFokGNudZpi/oQV73hnVK+sR+5PVRMd+Dr7YQ==}
    engines: {node: '>=12'}

  color-convert@2.0.1:
    resolution: {integrity: sha512-RRECPsj7iu/xb5oKYcsFHSppFNnsj/52OVTRKb4zP5onXwVF3zVmmToNcOfGC+CRDpfK/U584fMg38ZHCaElKQ==}
    engines: {node: '>=7.0.0'}

  color-name@1.1.4:
    resolution: {integrity: sha512-dOy+3AuW3a2wNbZHIuMZpTcgjGuLU/uBL/ubcZF9OXbDo8ff4O8yVp5Bf0efS8uEoYo5q4Fx7dY9OgQGXgAsQA==}

  commander@11.1.0:
    resolution: {integrity: sha512-yPVavfyCcRhmorC7rWlkHn15b4wDVgVmBA7kV4QVBsF7kv/9TKJAbAXVTxvTnwP8HHKjRCJDClKbciiYS7p0DQ==}
    engines: {node: '>=16'}

  commander@12.1.0:
    resolution: {integrity: sha512-Vw8qHK3bZM9y/P10u3Vib8o/DdkvA2OtPtZvD871QKjy74Wj1WSKFILMPRPSdUSx5RFK1arlJzEtA4PkFgnbuA==}
    engines: {node: '>=18'}

  cross-spawn@7.0.6:
    resolution: {integrity: sha512-uV2QOWP2nWzsy2aMp8aRibhi9dlzF5Hgh5SHaB9OiTGEyDTiJJyx0uy51QXdyWbtAHNua4XJzUKca3OzKUd3vA==}
    engines: {node: '>= 8'}

  css-select@5.2.2:
    resolution: {integrity: sha512-TizTzUddG/xYLA3NXodFM0fSbNizXjOKhqiQQwvhlspadZokn1KDy0NZFS0wuEubIYAV5/c1/lAr0TaaFXEXzw==}

  css-tree@2.2.1:
    resolution: {integrity: sha512-OA0mILzGc1kCOCSJerOeqDxDQ4HOh+G8NbOJFOTgOCzpw7fCBubk0fEyxp8AgOL/jvLgYA/uV0cMbe43ElF1JA==}
    engines: {node: ^10 || ^12.20.0 || ^14.13.0 || >=15.0.0, npm: '>=7.0.0'}

  css-tree@3.2.1:
    resolution: {integrity: sha512-X7sjQzceUhu1u7Y/ylrRZFU2FS6LRiFVp6rKLPg23y3x3c3DOKAwuXGDp+PAGjh6CSnCjYeAul8pcT8bAl+lSA==}
    engines: {node: ^10 || ^12.20.0 || ^14.13.0 || >=15.0.0}

  css-what@6.2.2:
    resolution: {integrity: sha512-u/O3vwbptzhMs3L1fQE82ZSLHQQfto5gyZzwteVIEyeaY5Fc7R4dapF/BvRoSYFeqfBk4m0V1Vafq5Pjv25wvA==}
    engines: {node: '>= 6'}

  cssesc@3.0.0:
    resolution: {integrity: sha512-/Tb/JcjK111nNScGob5MNtsntNM1aCNUDipB/TkwZFhyDrrE47SOx/18wF2bbjgc3ZzCSKW1T5nt5EbFoAz/Vg==}
    engines: {node: '>=4'}
    hasBin: true

  cssnano-preset-default@8.0.0:
    resolution: {integrity: sha512-uIJx5WOQ2vlH0HwKZz3AbhYffVvYTUcS2S76gr3oLnU2i9qn7yy3LLs0rk3YAtBB9gayYr0aTvk0pZ6MlenUlw==}
    engines: {node: ^22.11.0 || ^24.11.0 || >=26.0}
    peerDependencies:
      postcss: ^8.5.14

  cssnano-utils@6.0.0:
    resolution: {integrity: sha512-ztS9W/+uaDn+bkYmDhs+GdMveHJ3CL8IPNHpRqDUQXv5GJOTQAJjV1XUOInr9esLXSabQV1pLRZlJpyUwEqDyQ==}
    engines: {node: ^22.11.0 || ^24.11.0 || >=26.0}
    peerDependencies:
      postcss: ^8.5.14

  cssnano@8.0.0:
    resolution: {integrity: sha512-FBjMD2UTnAshdTNoFnF6vLICR3/gCypkWdveXbxpO+cPlJZ3RYdYOv84ibCxEHzo5Wuoy7yAmBkmUGuLLzoUwA==}
    engines: {node: ^22.11.0 || ^24.11.0 || >=26.0}
    peerDependencies:
      postcss: ^8.5.14

  csso@5.0.5:
    resolution: {integrity: sha512-0LrrStPOdJj+SPCCrGhzryycLjwcgUSHBtxNA8aIDxf0GLsRh1cKYhB00Gd1lDOS4yGH69+SNn13+TWbVHETFQ==}
    engines: {node: ^10 || ^12.20.0 || ^14.13.0 || >=15.0.0, npm: '>=7.0.0'}

  daisyui@5.5.19:
    resolution: {integrity: sha512-pbFAkl1VCEh/MPCeclKL61I/MqRIFFhNU7yiXoDDRapXN4/qNCoMxeCCswyxEEhqL5eiTTfwHvucFtOE71C9sA==}

  dependency-graph@1.0.0:
    resolution: {integrity: sha512-cW3gggJ28HZ/LExwxP2B++aiKxhJXMSIt9K48FOXQkm+vuG5gyatXnLsONRJdzO/7VfjDIiaOOa/bs4l464Lwg==}
    engines: {node: '>=4'}

  dom-serializer@2.0.0:
    resolution: {integrity: sha512-wIkAryiqt/nV5EQKqQpo3SToSOV9J0DnbJqwK7Wv/Trc92zIAYZ4FlMu+JPFW1DfGFt81ZTCGgDEabffXeLyJg==}

  domelementtype@2.3.0:
    resolution: {integrity: sha512-OLETBj6w0OsagBwdXnPdN0cnMfF9opN69co+7ZrbfPGrdpPVNBUj02spi6B1N7wChLQiPn4CSH/zJvXw56gmHw==}

  domhandler@5.0.3:
    resolution: {integrity: sha512-cgwlv/1iFQiFnU96XXgROh8xTeetsnJiDsTc7TYCLFd9+/WNkIqPTxiM/8pSd8VIrhXGTf1Ny1q1hquVqDJB5w==}
    engines: {node: '>= 4'}

  domutils@3.2.2:
    resolution: {integrity: sha512-6kZKyUajlDuqlHKVX1w7gyslj9MPIXzIFiz/rGu35uC1wMi+kMhQwGhl4lt9unC9Vb9INnY9Z3/ZA3+FhASLaw==}

  eastasianwidth@0.2.0:
    resolution: {integrity: sha512-I88TYZWc9XiYHRQ4/3c5rjjfgkjhLyW2luGIheGERbNQ6OY7yTybanSpDXZa8y7VUP9YmDcYa+eyq4ca7iLqWA==}

  electron-to-chromium@1.5.351:
    resolution: {integrity: sha512-9D7Iqx8RImSvCnOsj86rCH6eQjZFQoM04Jn6HnZVM0Nu/G58/gmKYQ1d12MZTbjQbQSTGI8nwEy07ErsA2slLA==}

  emoji-regex@8.0.0:
    resolution: {integrity: sha512-MSjYzcWNOA0ewAHpz0MxpYFvwg6yjy1NG3xteoqz644VCo/RPgnr1/GGt+ic3iJTzQ8Eu3TdM14SawnVUmGE6A==}

  emoji-regex@9.2.2:
    resolution: {integrity: sha512-L18DaJsXSUk2+42pv8mLs5jJT2hqFkFE4j21wOmgbUqsZ2hL72NsUU785g9RXgo3s0ZNgVl42TiHp3ZtOv/Vyg==}

  entities@4.5.0:
    resolution: {integrity: sha512-V0hjH4dGPh9Ao5p0MoRY6BVqtwCjhz6vI5LT8AJ55H+4g9/4vbHx1I54fS0XuclLhDHArPQCiMjDxjaL8fPxhw==}
    engines: {node: '>=0.12'}

  escalade@3.2.0:
    resolution: {integrity: sha512-WUj2qlxaQtO4g6Pq5c29GTcWGDyd8itL8zTlipgECz3JesAiiOKotd8JU6otB3PACgG6xkJUyVhboMS+bje/jA==}
    engines: {node: '>=6'}

  fdir@6.5.0:
    resolution: {integrity: sha512-tIbYtZbucOs0BRGqPJkshJUYdL+SDH7dVM8gjy+ERp3WAUjLEFJE+02kanyHtwjWOnwrKYBiwAmM0p4kLJAnXg==}
    engines: {node: '>=12.0.0'}
    peerDependencies:
      picomatch: ^3 || ^4
    peerDependenciesMeta:
      picomatch:
        optional: true

  fill-range@7.1.1:
    resolution: {integrity: sha512-YsGpe3WHLK8ZYi4tWDg2Jy3ebRz2rXowDxnld4bkQB00cc/1Zw9AWnC0i9ztDJitivtQvaI9KaLyKrc+hBW0yg==}
    engines: {node: '>=8'}

  foreground-child@3.3.1:
    resolution: {integrity: sha512-gIXjKqtFuWEgzFRJA9WCQeSJLZDjgJUOMCMzxtvFq/37KojM1BFGufqsCy0r4qSQmYLsZYMeyRqzIWOMup03sw==}
    engines: {node: '>=14'}

  fraction.js@5.3.4:
    resolution: {integrity: sha512-1X1NTtiJphryn/uLQz3whtY6jK3fTqoE3ohKs0tT+Ujr1W59oopxmoEh7Lu5p6vBaPbgoM0bzveAW4Qi5RyWDQ==}

  fs-extra@11.3.4:
    resolution: {integrity: sha512-CTXd6rk/M3/ULNQj8FBqBWHYBVYybQ3VPBw0xGKFe3tuH7ytT6ACnvzpIQ3UZtB8yvUKC2cXn1a+x+5EVQLovA==}
    engines: {node: '>=14.14'}

  fsevents@2.3.3:
    resolution: {integrity: sha512-5xoDfX+fL7faATnagmWPpbFtwh/R77WmMMqqHGS65C3vvB0YHrgF+B1YmZ3441tMj5n63k0212XNoJwzlhffQw==}
    engines: {node: ^8.16.0 || ^10.6.0 || >=11.0.0}
    os: [darwin]

  get-caller-file@2.0.5:
    resolution: {integrity: sha512-DyFP3BM/3YHTQOCUL/w0OZHR0lpKeGrxotcHWcqNEdnltqFwXVfhEBQ94eIo34AfQpo0rGki4cyIiftY06h2Fg==}
    engines: {node: 6.* || 8.* || >= 10.*}

  glob-parent@5.1.2:
    resolution: {integrity: sha512-AOIgSQCepiJYwP3ARnGx+5VnTu2HBYdzbGP45eLw1vr3zB3vZLeyed1sC9hnbcOc9/SrMyM5RPQrkGz4aS9Zow==}
    engines: {node: '>= 6'}

  glob@10.5.0:
    resolution: {integrity: sha512-DfXN8DfhJ7NH3Oe7cFmu3NCu1wKbkReJ8TorzSAFbSKrlNaQSKfIzqYqVY8zlbs2NLBbWpRiU52GX2PbaBVNkg==}
    deprecated: Old versions of glob are not supported, and contain widely publicized security vulnerabilities, which have been fixed in the current version. Please update. Support for old versions may be purchased (at exorbitant rates) by contacting i@izs.me
    hasBin: true

  graceful-fs@4.2.11:
    resolution: {integrity: sha512-RbJ5/jmFcNNCcDV5o9eTnBLJ/HszWV0P73bc+Ff4nS/rJj+YaS6IGyiOL0VoBYX+l1Wrl3k63h/KrH+nhJ0XvQ==}

  is-binary-path@2.1.0:
    resolution: {integrity: sha512-ZMERYes6pDydyuGidse7OsHxtbI7WVeUEozgR/g7rd0xUimYNlvZRE/K2MgZTjWy725IfelLeVcEM97mmtRGXw==}
    engines: {node: '>=8'}

  is-extglob@2.1.1:
    resolution: {integrity: sha512-SbKbANkN603Vi4jEZv49LeVJMn4yGwsbzZworEoyEiutsN3nJYdbO36zfhGJ6QEDpOZIFkDtnq5JRxmvl3jsoQ==}
    engines: {node: '>=0.10.0'}

  is-fullwidth-code-point@3.0.0:
    resolution: {integrity: sha512-zymm5+u+sCsSWyD9qNaejV3DFvhCKclKdizYaJUuHA83RLjb7nSuGnddCHGv0hk+KY7BMAlsWeK4Ueg6EV6XQg==}
    engines: {node: '>=8'}

  is-glob@4.0.3:
    resolution: {integrity: sha512-xelSayHH36ZgE7ZWhli7pW34hNbNl8Ojv5KVmkJD4hBdD3th8Tfk9vYasLM+mXWOZhFkgZfxhLSnrwRr4elSSg==}
    engines: {node: '>=0.10.0'}

  is-number@7.0.0:
    resolution: {integrity: sha512-41Cifkg6e8TylSpdtTpeLVMqvSBEVzTttHvERD741+pnZ8ANv0004MRL43QKPDlK9cGvNp6NZWZUBlbGXYxxng==}
    engines: {node: '>=0.12.0'}

  isexe@2.0.0:
    resolution: {integrity: sha512-RHxMLp9lnKHGHRng9QFhRCMbYAcVpn69smSGcq3f36xjgVVWThj4qqLbTLlq7Ssj8B+fIQ1EuCEGI2lKsyQeIw==}

  jackspeak@3.4.3:
    resolution: {integrity: sha512-OGlZQpz2yfahA/Rd1Y8Cd9SIEsqvXkLVoSw/cgwhnhFMDbsQFeZYoJJ7bIZBS9BcamUW96asq/npPWugM+RQBw==}

  jsonfile@6.2.1:
    resolution: {integrity: sha512-zwOTdL3rFQ/lRdBnntKVOX6k5cKJwEc1HdilT71BWEu7J41gXIB2MRp+vxduPSwZJPWBxEzv4yH1wYLJGUHX4Q==}

  lilconfig@3.1.3:
    resolution: {integrity: sha512-/vlFKAoH5Cgt3Ie+JLhRbwOsCQePABiU3tJ1egGvyQ+33R/vcwM2Zl2QR/LzjsBeItPt3oSVXapn+m4nQDvpzw==}
    engines: {node: '>=14'}

  lodash.memoize@4.1.2:
    resolution: {integrity: sha512-t7j+NzmgnQzTAYXcsHYLgimltOV1MXHtlOWf6GjL9Kj8GK5FInw5JotxvbOs+IvV1/Dzo04/fCGfLVs7aXb4Ag==}

  lodash.uniq@4.5.0:
    resolution: {integrity: sha512-xfBaXQd9ryd9dlSDvnvI0lvxfLJlYAZzXomUYzLKtUeOQvOP5piqAWuGtrhWeqaXK9hhoM/iyJc5AV+XfsX3HQ==}

  lru-cache@10.4.3:
    resolution: {integrity: sha512-JNAzZcXrCt42VGLuYz0zfAzDfAvJWW6AfYlDBQyDV5DClI2m5sAmK+OIO7s59XfsRsWHp02jAJrRadPRGTt6SQ==}

  mdn-data@2.0.28:
    resolution: {integrity: sha512-aylIc7Z9y4yzHYAJNuESG3hfhC+0Ibp/MAMiaOZgNv4pmEdFyfZhhhny4MNiAfWdBQ1RQ2mfDWmM1x8SvGyp8g==}

  mdn-data@2.27.1:
    resolution: {integrity: sha512-9Yubnt3e8A0OKwxYSXyhLymGW4sCufcLG6VdiDdUGVkPhpqLxlvP5vl1983gQjJl3tqbrM731mjaZaP68AgosQ==}

  minimatch@9.0.9:
    resolution: {integrity: sha512-OBwBN9AL4dqmETlpS2zasx+vTeWclWzkblfZk7KTA5j3jeOONz/tRCnZomUyvNg83wL5Zv9Ss6HMJXAgL8R2Yg==}
    engines: {node: '>=16 || 14 >=14.17'}

  minipass@7.1.3:
    resolution: {integrity: sha512-tEBHqDnIoM/1rXME1zgka9g6Q2lcoCkxHLuc7ODJ5BxbP5d4c2Z5cGgtXAku59200Cx7diuHTOYfSBD8n6mm8A==}
    engines: {node: '>=16 || 14 >=14.17'}

  nanoid@3.3.12:
    resolution: {integrity: sha512-ZB9RH/39qpq5Vu6Y+NmUaFhQR6pp+M2Xt76XBnEwDaGcVAqhlvxrl3B2bKS5D3NH3QR76v3aSrKaF/Kiy7lEtQ==}
    engines: {node: ^10 || ^12 || ^13.7 || ^14 || >=15.0.1}
    hasBin: true

  node-releases@2.0.38:
    resolution: {integrity: sha512-3qT/88Y3FbH/Kx4szpQQ4HzUbVrHPKTLVpVocKiLfoYvw9XSGOX2FmD2d6DrXbVYyAQTF2HeF6My8jmzx7/CRw==}

  normalize-path@3.0.0:
    resolution: {integrity: sha512-6eZs5Ls3WtCisHWp9S2GUy8dqkpGi4BVSz3GaqiE6ezub0512ESztXUwUB6C6IKbQkY2Pnb/mD4WYojCRwcwLA==}
    engines: {node: '>=0.10.0'}

  nth-check@2.1.1:
    resolution: {integrity: sha512-lqjrjmaOoAnWfMmBPL+XNnynZh2+swxiX3WUE0s4yEHI6m+AwrK2UZOimIRl3X/4QctVqS8AiZjFqyOGrMXb/w==}

  package-json-from-dist@1.0.1:
    resolution: {integrity: sha512-UEZIS3/by4OC8vL3P2dTXRETpebLI2NiI5vIrjaD/5UtrkFX/tNbwjTSRAGC/+7CAo2pIcBaRgWmcBBHcsaCIw==}

  path-key@3.1.1:
    resolution: {integrity: sha512-ojmeN0qd+y0jszEtoY48r0Peq5dwMEkIlCOu6Q5f41lfkswXuKtYrhgoTpLnyIcHm24Uhqx+5Tqm2InSwLhE6Q==}
    engines: {node: '>=8'}

  path-scurry@1.11.1:
    resolution: {integrity: sha512-Xa4Nw17FS9ApQFJ9umLiJS4orGjm7ZzwUrwamcGQuHSzDyth9boKDaycYdDcZDuqYATXw4HFXgaqWTctW/v1HA==}
    engines: {node: '>=16 || 14 >=14.18'}

  picocolors@1.1.1:
    resolution: {integrity: sha512-xceH2snhtb5M9liqDsmEw56le376mTZkEX/jEb/RxNFyegNul7eNslCXP9FDj/Lcu0X8KEyMceP2ntpaHrDEVA==}

  picomatch@2.3.2:
    resolution: {integrity: sha512-V7+vQEJ06Z+c5tSye8S+nHUfI51xoXIXjHQ99cQtKUkQqqO1kO/KCJUfZXuB47h/YBlDhah2H3hdUGXn8ie0oA==}
    engines: {node: '>=8.6'}

  picomatch@4.0.4:
    resolution: {integrity: sha512-QP88BAKvMam/3NxH6vj2o21R6MjxZUAd6nlwAS/pnGvN9IVLocLHxGYIzFhg6fUQ+5th6P4dv4eW9jX3DSIj7A==}
    engines: {node: '>=12'}

  pify@2.3.0:
    resolution: {integrity: sha512-udgsAY+fTnvv7kI7aaxbqwWNb0AHiB0qBO89PZKPkoTmGOgdbrHDKD+0B2X4uTfJ/FT1R09r9gTsjUjNJotuog==}
    engines: {node: '>=0.10.0'}

  postcss-calc@10.1.1:
    resolution: {integrity: sha512-NYEsLHh8DgG/PRH2+G9BTuUdtf9ViS+vdoQ0YA5OQdGsfN4ztiwtDWNtBl9EKeqNMFnIu8IKZ0cLxEQ5r5KVMw==}
    engines: {node: ^18.12 || ^20.9 || >=22.0}
    peerDependencies:
      postcss: ^8.4.38

  postcss-cli@11.0.1:
    resolution: {integrity: sha512-0UnkNPSayHKRe/tc2YGW6XnSqqOA9eqpiRMgRlV1S6HdGi16vwJBx7lviARzbV1HpQHqLLRH3o8vTcB0cLc+5g==}
    engines: {node: '>=18'}
    hasBin: true
    peerDependencies:
      postcss: ^8.0.0

  postcss-colormin@8.0.0:
    resolution: {integrity: sha512-KKwMmsSgsmdYXqrjQeqL3tnuIFtctiR1GEMHdjNpDpz/TCRkkkok2mMcreK2zVV3l7POWOmAkR2xYHUpRUK1DA==}
    engines: {node: ^22.11.0 || ^24.11.0 || >=26.0}
    peerDependencies:
      postcss: ^8.5.14

  postcss-convert-values@8.0.0:
    resolution: {integrity: sha512-Ohtj3rNZWawTRePv5NCHTy8VJSdJ/G/uKuxcxJreOMichuqcT6uEl2TAnopVeJCJ/c13jaSqg7m63yFLM5zBsA==}
    engines: {node: ^22.11.0 || ^24.11.0 || >=26.0}
    peerDependencies:
      postcss: ^8.5.14

  postcss-discard-comments@8.0.0:
    resolution: {integrity: sha512-zGpvVLj2sbagEp+BTVETvAfkZdGVA6rALNujDK/WTIjdf1/rQOxOG8BBzkI8UQgnw8SkL6xffAfbtGMHFypadw==}
    engines: {node: ^22.11.0 || ^24.11.0 || >=26.0}
    peerDependencies:
      postcss: ^8.5.14

  postcss-discard-duplicates@8.0.0:
    resolution: {integrity: sha512-zjRyYmNGI3PTipKBBtCgExlmZXQn49KvKoaiNnR2g+iXxeNk7GY5Js2ULtZXPrCYeqjPagrzKIBNcBocvXCR7g==}
    engines: {node: ^22.11.0 || ^24.11.0 || >=26.0}
    peerDependencies:
      postcss: ^8.5.14

  postcss-discard-empty@8.0.0:
    resolution: {integrity: sha512-kxPJg6EqahbBvm+l7hpYYCtpsv8dlz7Tv6wJXUXZaeuY0WGS61DxfGdZR4uVB/Cx+yi3iOHQVSqpSHKMFaBg6Q==}
    engines: {node: ^22.11.0 || ^24.11.0 || >=26.0}
    peerDependencies:
      postcss: ^8.5.14

  postcss-discard-overridden@8.0.0:
    resolution: {integrity: sha512-sW2OWH3l9p0FmBSVr228uztFseqroZxwgD7SGF0Ks0dRPDttSo3P8FK5ZBLtWBH2A5+chpB0J2fB/T8heKHLBw==}
    engines: {node: ^22.11.0 || ^24.11.0 || >=26.0}
    peerDependencies:
      postcss: ^8.5.14

  postcss-load-config@5.1.0:
    resolution: {integrity: sha512-G5AJ+IX0aD0dygOE0yFZQ/huFFMSNneyfp0e3/bT05a8OfPC5FUoZRPfGijUdGOJNMewJiwzcHJXFafFzeKFVA==}
    engines: {node: '>= 18'}
    peerDependencies:
      jiti: '>=1.21.0'
      postcss: '>=8.0.9'
      tsx: ^4.8.1
    peerDependenciesMeta:
      jiti:
        optional: true
      postcss:
        optional: true
      tsx:
        optional: true

  postcss-merge-longhand@8.0.0:
    resolution: {integrity: sha512-YDmAmQ8H+ljfomVpSXvr9NA0GP01fraQJqjWBYoMVGg6rOT+PJLwPyeVo2ekn4WB4ZVSH5ddtK3DTRxbz6CFzg==}
    engines: {node: ^22.11.0 || ^24.11.0 || >=26.0}
    peerDependencies:
      postcss: ^8.5.14

  postcss-merge-rules@8.0.0:
    resolution: {integrity: sha512-bgstL5mpi41dDpnYGDUcI3M814NWkCMcIWpwDqEHXkHg3BT7b4XRAfNEuwJncZOVn/67kVKvWzhfv/7xyrp2uQ==}
    engines: {node: ^22.11.0 || ^24.11.0 || >=26.0}
    peerDependencies:
      postcss: ^8.5.14

  postcss-minify-font-values@8.0.0:
    resolution: {integrity: sha512-EnOHQEnSt6oH5NrL1DMFAQuwB2IOimFXTCzc9bKfUeH1jREbqIF5MAK4gQJQOC4mPUwJt4sWifAmNZ1qLu6j3Q==}
    engines: {node: ^22.11.0 || ^24.11.0 || >=26.0}
    peerDependencies:
      postcss: ^8.5.14

  postcss-minify-gradients@8.0.0:
    resolution: {integrity: sha512-43iAnYIGk0ZjNx5X/rkIcHi6dhmu/vEjY0kqfUfxPuJRO+V7jx8uKIdcnL0dpfNoC5J9TSh3EtzLWbq0gpqnWA==}
    engines: {node: ^22.11.0 || ^24.11.0 || >=26.0}
    peerDependencies:
      postcss: ^8.5.14

  postcss-minify-params@8.0.0:
    resolution: {integrity: sha512-z7w4QO7G55l4vMUK1Lmx03GW7iyRLgf2V5Dz/7ioSPLnXRjeD+b7m0XfAXUGrbBYYrJ6bXPk+3LoX5u4JfAcSg==}
    engines: {node: ^22.11.0 || ^24.11.0 || >=26.0}
    peerDependencies:
      postcss: ^8.5.14

  postcss-minify-selectors@8.0.0:
    resolution: {integrity: sha512-pQKzVGjUfOVP8QH95lXN/cpMcwHvdsqF3tQTEWPsRPnHw2SZ7G9c69oWDfjWkpCd81APF8E34QKUEUo+qUp5qw==}
    engines: {node: ^22.11.0 || ^24.11.0 || >=26.0}
    peerDependencies:
      postcss: ^8.5.14

  postcss-normalize-charset@8.0.0:
    resolution: {integrity: sha512-s88FUNDSUD8m0wBYvTQQcubVts6zhXwBU8zCD4vkRKiecd0v8cOjHVIF9r/i+5xzS/WG3f98qq4XsOM0JqvfLA==}
    engines: {node: ^22.11.0 || ^24.11.0 || >=26.0}
    peerDependencies:
      postcss: ^8.5.14

  postcss-normalize-display-values@8.0.0:
    resolution: {integrity: sha512-gG2nBxD27fiw6Luinb1QYKdM/Co5GornRJgSD+JTwNH4PGKxImP0qyruDDav49aHUPLY3qrL3qN3LvybO7IzxQ==}
    engines: {node: ^22.11.0 || ^24.11.0 || >=26.0}
    peerDependencies:
      postcss: ^8.5.14

  postcss-normalize-positions@8.0.0:
    resolution: {integrity: sha512-t/wGqpehS20Ke7kc4QAsWpH+AJjUdMK/V5qV2RhrXkj8hO/fT1t1MJ8NL7sedWYk7ZqC7eISEJQonW5j0tU1MQ==}
    engines: {node: ^22.11.0 || ^24.11.0 || >=26.0}
    peerDependencies:
      postcss: ^8.5.14

  postcss-normalize-repeat-style@8.0.0:
    resolution: {integrity: sha512-3ebOmGdCYKrBYyGKc1xhj0unEnW7beZpVU7JohVeGl7mTxR+7T6egpaawTWAVsB0pEIhcsbJVOjPKCJSoRO6Zg==}
    engines: {node: ^22.11.0 || ^24.11.0 || >=26.0}
    peerDependencies:
      postcss: ^8.5.14

  postcss-normalize-string@8.0.0:
    resolution: {integrity: sha512-TvWCGZ/e04Tv31uJvOUtbexkfgUnqmQ3M2P5DkAaVzvOj+BvTkG2QjpA5Y71SL1SPxJcj4M23fNh+RDVCmG8kA==}
    engines: {node: ^22.11.0 || ^24.11.0 || >=26.0}
    peerDependencies:
      postcss: ^8.5.14

  postcss-normalize-timing-functions@8.0.0:
    resolution: {integrity: sha512-uEfaXst5Xgqxv7geYUuz6vs9mn88K2NPY2RoIzM3BMmSjsdTSeppV9x2qIgrxsisdbSqF6IVhzI2occcte3hTA==}
    engines: {node: ^22.11.0 || ^24.11.0 || >=26.0}
    peerDependencies:
      postcss: ^8.5.14

  postcss-normalize-unicode@8.0.0:
    resolution: {integrity: sha512-+WYngZaChEeTHZmWhmKtnJ4gTzWdINEaFcgWBnu6WdVu8Ftim8OBTcw768DuCC/3Aax9bZ9WkwrLGHym2Lzf+A==}
    engines: {node: ^22.11.0 || ^24.11.0 || >=26.0}
    peerDependencies:
      postcss: ^8.5.14

  postcss-normalize-url@8.0.0:
    resolution: {integrity: sha512-4Mz9hZHn/QIB+YtFqTXrDmE2193GYxGb3F8uMfLvMicaEXCCUlDIJ658gFFJbqEGl9FYzwPtRiuNgbwlO9kkBg==}
    engines: {node: ^22.11.0 || ^24.11.0 || >=26.0}
    peerDependencies:
      postcss: ^8.5.14

  postcss-normalize-whitespace@8.0.0:
    resolution: {integrity: sha512-V1f8tYnwIP5tscOXQFTKK8Y5EJ+R2GMpFJ6FjzwoKoQnhbqQy3IeSrDjJJb8JjVos8ut6Osi80Zybpayv/XjIQ==}
    engines: {node: ^22.11.0 || ^24.11.0 || >=26.0}
    peerDependencies:
      postcss: ^8.5.14

  postcss-ordered-values@8.0.0:
    resolution: {integrity: sha512-Dg9+itb6lmD0bxqhQyHCtXAwYRh0wUrx6Mp4/BNXgkLoJmdYMmWi+V+Pypw79Q6iQhxA8KFMHqLBITQJV2gKMA==}
    engines: {node: ^22.11.0 || ^24.11.0 || >=26.0}
    peerDependencies:
      postcss: ^8.5.14

  postcss-reduce-initial@8.0.0:
    resolution: {integrity: sha512-DChcE9d528AKrlpCTHjhsAiOsWCk4H9ApHPS1QqRT3praObWTiWyn6W1UddGpc46K9LQnHwUu4YwaPUukGtXVA==}
    engines: {node: ^22.11.0 || ^24.11.0 || >=26.0}
    peerDependencies:
      postcss: ^8.5.14

  postcss-reduce-transforms@8.0.0:
    resolution: {integrity: sha512-cLZT0som7vvumQT9XQCnSKOSnRinNQZd1Hm+J723Ney13E8CIydDhw6JwzsjPtgnYThTqn9Q45906gz6wxaAsw==}
    engines: {node: ^22.11.0 || ^24.11.0 || >=26.0}
    peerDependencies:
      postcss: ^8.5.14

  postcss-reporter@7.1.0:
    resolution: {integrity: sha512-/eoEylGWyy6/DOiMP5lmFRdmDKThqgn7D6hP2dXKJI/0rJSO1ADFNngZfDzxL0YAxFvws+Rtpuji1YIHj4mySA==}
    engines: {node: '>=10'}
    peerDependencies:
      postcss: ^8.1.0

  postcss-selector-parser@6.1.2:
    resolution: {integrity: sha512-Q8qQfPiZ+THO/3ZrOrO0cJJKfpYCagtMUkXbnEfmgUjwXg6z/WBeOyS9APBBPCTSiDV+s4SwQGu8yFsiMRIudg==}
    engines: {node: '>=4'}

  postcss-selector-parser@7.1.1:
    resolution: {integrity: sha512-orRsuYpJVw8LdAwqqLykBj9ecS5/cRHlI5+nvTo8LcCKmzDmqVORXtOIYEEQuL9D4BxtA1lm5isAqzQZCoQ6Eg==}
    engines: {node: '>=4'}

  postcss-svgo@8.0.0:
    resolution: {integrity: sha512-Q2fMSYEiNE1ioDc/3sxvI24NdgA/MJno2XLNpOxgv8aCcJbym8mZY10/lDY5+AWCIc3Aiqzy2Wcp9/zaIXBZgQ==}
    engines: {node: ^22.11.0 || ^24.11.0 || >=26.0}
    peerDependencies:
      postcss: ^8.5.14

  postcss-unique-selectors@8.0.0:
    resolution: {integrity: sha512-iObuolUX+ITJfMU2QQFQdh31JgSjNLPNjVs6YGAqBHvOvAWXMMNget6donQl83aQaeS32i5XeKZURUW/WBxIUw==}
    engines: {node: ^22.11.0 || ^24.11.0 || >=26.0}
    peerDependencies:
      postcss: ^8.5.14

  postcss-value-parser@4.2.0:
    resolution: {integrity: sha512-1NNCs6uurfkVbeXG4S8JFT9t19m45ICnif8zWLd5oPSZ50QnwMfK+H3jv408d4jw/7Bttv5axS5IiHoLaVNHeQ==}

  postcss@8.5.14:
    resolution: {integrity: sha512-SoSL4+OSEtR99LHFZQiJLkT59C5B1amGO1NzTwj7TT1qCUgUO6hxOvzkOYxD+vMrXBM3XJIKzokoERdqQq/Zmg==}
    engines: {node: ^10 || ^12 || >=14}

  pretty-hrtime@1.0.3:
    resolution: {integrity: sha512-66hKPCr+72mlfiSjlEB1+45IjXSqvVAIy6mocupoww4tBFE9R9IhwwUGoI4G++Tc9Aq+2rxOt0RFU6gPcrte0A==}
    engines: {node: '>= 0.8'}

  purgecss@6.0.0:
    resolution: {integrity: sha512-s3EBxg5RSWmpqd0KGzNqPiaBbWDz1/As+2MzoYVGMqgDqRTLBhJW6sywfTBek7OwNfoS/6pS0xdtvChNhFj2cw==}
    hasBin: true

  read-cache@1.0.0:
    resolution: {integrity: sha512-Owdv/Ft7IjOgm/i0xvNDZ1LrRANRfew4b2prF3OWMQLxLfu3bS8FVhCsrSCMK4lR56Y9ya+AThoTpDCTxCmpRA==}

  readdirp@3.6.0:
    resolution: {integrity: sha512-hOS089on8RduqdbhvQ5Z37A0ESjsqz6qnRcffsMU3495FuTdqSm+7bhJ29JvIOsBDEEnan5DPu9t3To9VRlMzA==}
    engines: {node: '>=8.10.0'}

  require-directory@2.1.1:
    resolution: {integrity: sha512-fGxEI7+wsG9xrvdjsrlmL22OMTTiHRwAMroiEeMgq8gzoLC/PQr7RsRDSTLUg/bZAZtF+TVIkHc6/4RIKrui+Q==}
    engines: {node: '>=0.10.0'}

  sax@1.6.0:
    resolution: {integrity: sha512-6R3J5M4AcbtLUdZmRv2SygeVaM7IhrLXu9BmnOGmmACak8fiUtOsYNWUS4uK7upbmHIBbLBeFeI//477BKLBzA==}
    engines: {node: '>=11.0.0'}

  shebang-command@2.0.0:
    resolution: {integrity: sha512-kHxr2zZpYtdmrN1qDjrrX/Z1rR1kG8Dx+gkpK1G4eXmvXswmcE1hTWBWYUzlraYw1/yZp6YuDY77YtvbN0dmDA==}
    engines: {node: '>=8'}

  shebang-regex@3.0.0:
    resolution: {integrity: sha512-7++dFhtcx3353uBaq8DDR4NuxBetBzC7ZQOhmTQInHEd6bSrXdiEyzCvG07Z44UYdLShWUyXt5M/yhz8ekcb1A==}
    engines: {node: '>=8'}

  signal-exit@4.1.0:
    resolution: {integrity: sha512-bzyZ1e88w9O1iNJbKnOlvYTrWPDl46O1bG0D3XInv+9tkPrxrN8jUUTiFlDkkmKWgn1M6CfIA13SuGqOa9Korw==}
    engines: {node: '>=14'}

  slash@5.1.0:
    resolution: {integrity: sha512-ZA6oR3T/pEyuqwMgAKT0/hAv8oAXckzbkmR0UkUosQ+Mc4RxGoJkRmwHgHufaenlyAgE1Mxgpdcrf75y6XcnDg==}
    engines: {node: '>=14.16'}

  source-map-js@1.2.1:
    resolution: {integrity: sha512-UXWMKhLOwVKb728IUtQPXxfYU+usdybtUrK/8uGE8CQMvrhOpwvzDBwj0QhSL7MQc7vIsISBG8VQ8+IDQxpfQA==}
    engines: {node: '>=0.10.0'}

  string-width@4.2.3:
    resolution: {integrity: sha512-wKyQRQpjJ0sIp62ErSZdGsjMJWsap5oRNihHhu6G7JVO/9jIB6UyevL+tXuOqrng8j/cxKTWyWUwvSTriiZz/g==}
    engines: {node: '>=8'}

  string-width@5.1.2:
    resolution: {integrity: sha512-HnLOCR3vjcY8beoNLtcjZ5/nxn2afmME6lhrDrebokqMap+XbeW8n9TXpPDOqdGK5qcI3oT0GKTW6wC7EMiVqA==}
    engines: {node: '>=12'}

  strip-ansi@6.0.1:
    resolution: {integrity: sha512-Y38VPSHcqkFrCpFnQ9vuSXmquuv5oXOKpGeT6aGrr3o3Gc9AlVa6JBfUSOCnbxGGZF+/0ooI7KrPuUSztUdU5A==}
    engines: {node: '>=8'}

  strip-ansi@7.2.0:
    resolution: {integrity: sha512-yDPMNjp4WyfYBkHnjIRLfca1i6KMyGCtsVgoKe/z1+6vukgaENdgGBZt+ZmKPc4gavvEZ5OgHfHdrazhgNyG7w==}
    engines: {node: '>=12'}

  stylehacks@8.0.0:
    resolution: {integrity: sha512-sWyjaJvBqHoVKYPbQ8JRvrGSPaYWtWrJsU+fGVtwKB1GE1rRPu3rC7T6UCuXLoL00Dwb+tsHe2T904r8Vnsx8w==}
    engines: {node: ^22.11.0 || ^24.11.0 || >=26.0}
    peerDependencies:
      postcss: ^8.5.14

  svgo@4.0.1:
    resolution: {integrity: sha512-XDpWUOPC6FEibaLzjfe0ucaV0YrOjYotGJO1WpF0Zd+n6ZGEQUsSugaoLq9QkEZtAfQIxT42UChcssDVPP3+/w==}
    engines: {node: '>=16'}
    hasBin: true

  tailwindcss@4.2.4:
    resolution: {integrity: sha512-HhKppgO81FQof5m6TEnuBWCZGgfRAWbaeOaGT00KOy/Pf/j6oUihdvBpA7ltCeAvZpFhW3j0PTclkxsd4IXYDA==}

  thenby@1.4.1:
    resolution: {integrity: sha512-D5a/bO0KdalOE3q8MlrRmSxjbKZHT3MQmXkJP+r97Vw8MMwOZKOwUSEyTtK7eSMj2y0kyAjpYMRMZmmLw1FtNQ==}

  tinyglobby@0.2.16:
    resolution: {integrity: sha512-pn99VhoACYR8nFHhxqix+uvsbXineAasWm5ojXoN8xEwK5Kd3/TrhNn1wByuD52UxWRLy8pu+kRMniEi6Eq9Zg==}
    engines: {node: '>=12.0.0'}

  to-regex-range@5.0.1:
    resolution: {integrity: sha512-65P7iz6X5yEr1cwcgvQxbbIw7Uk3gOy5dIdtZ4rDveLqhrdJP+Li/Hx6tyK0NEb+2GCyneCMJiGqrADCSNk8sQ==}
    engines: {node: '>=8.0'}

  universalify@2.0.1:
    resolution: {integrity: sha512-gptHNQghINnc/vTGIk0SOFGFNXw7JVrlRUtConJRlvaw6DuX0wO5Jeko9sWrMBhh+PsYAZ7oXAiOnf/UKogyiw==}
    engines: {node: '>= 10.0.0'}

  update-browserslist-db@1.2.3:
    resolution: {integrity: sha512-Js0m9cx+qOgDxo0eMiFGEueWztz+d4+M3rGlmKPT+T4IS/jP4ylw3Nwpu6cpTTP8R1MAC1kF4VbdLt3ARf209w==}
    hasBin: true
    peerDependencies:
      browserslist: '>= 4.21.0'

  util-deprecate@1.0.2:
    resolution: {integrity: sha512-EPD5q1uXyFxJpCrLnCc1nHnq3gOa6DZBocAIiI2TaSCA7VCJ1UJDMagCzIkXNsUYfD1daK//LTEQ8xiIbrHtcw==}

  which@2.0.2:
    resolution: {integrity: sha512-BLI3Tl1TW3Pvl70l3yq3Y64i+awpwXqsGBYWkkqMtnbXgrMD+yj7rhW0kuEDxzJaYXGjEW5ogapKNMEKNMjibA==}
    engines: {node: '>= 8'}
    hasBin: true

  wrap-ansi@7.0.0:
    resolution: {integrity: sha512-YVGIj2kamLSTxw6NsZjoBxfSwsn0ycdesmc4p+Q21c5zPuZ1pl+NfxVdxPtdHvmNVOQ6XSYG4AUtyt/Fi7D16Q==}
    engines: {node: '>=10'}

  wrap-ansi@8.1.0:
    resolution: {integrity: sha512-si7QWI6zUMq56bESFvagtmzMdGOtoxfR+Sez11Mobfc7tm+VkUckk9bW2UeffTGVUbOksxmSw0AA2gs8g71NCQ==}
    engines: {node: '>=12'}

  y18n@5.0.8:
    resolution: {integrity: sha512-0pfFzegeDWJHJIAmTLRP2DwHjdF5s7jo9tuztdQxAhINCdvS+3nGINqPd00AphqJR/0LhANUS6/+7SCb98YOfA==}
    engines: {node: '>=10'}

  yaml@2.8.4:
    resolution: {integrity: sha512-ml/JPOj9fOQK8RNnWojA67GbZ0ApXAUlN2UQclwv2eVgTgn7O9gg9o7paZWKMp4g0H3nTLtS9LVzhkpOFIKzog==}
    engines: {node: '>= 14.6'}
    hasBin: true

  yargs-parser@21.1.1:
    resolution: {integrity: sha512-tVpsJW7DdjecAiFpbIB1e3qxIQsE6NoPc5/eTdrbbIC4h0LVsWhnoa3g+m2HclBIujHzsxZ4VJVA+GUuc2/LBw==}
    engines: {node: '>=12'}

  yargs@17.7.2:
    resolution: {integrity: sha512-7dSzzRQ++CKnNI/krKnYRV7JKKPUXMEh61soaHKg9mrWEhzFWhFnxPxGl+69cD1Ou63C13NUPCnmIcrvqCuM6w==}
    engines: {node: '>=12'}

snapshots:

  '@colordx/core@5.4.3': {}

  '@fullhuman/postcss-purgecss@6.0.0(postcss@8.5.14)':
    dependencies:
      postcss: 8.5.14
      purgecss: 6.0.0

  '@isaacs/cliui@8.0.2':
    dependencies:
      string-width: 5.1.2
      string-width-cjs: string-width@4.2.3
      strip-ansi: 7.2.0
      strip-ansi-cjs: strip-ansi@6.0.1
      wrap-ansi: 8.1.0
      wrap-ansi-cjs: wrap-ansi@7.0.0

  '@pkgjs/parseargs@0.11.0':
    optional: true

  ansi-regex@5.0.1: {}

  ansi-regex@6.2.2: {}

  ansi-styles@4.3.0:
    dependencies:
      color-convert: 2.0.1

  ansi-styles@6.2.3: {}

  anymatch@3.1.3:
    dependencies:
      normalize-path: 3.0.0
      picomatch: 2.3.2

  autoprefixer@10.5.0(postcss@8.5.14):
    dependencies:
      browserslist: 4.28.2
      caniuse-lite: 1.0.30001792
      fraction.js: 5.3.4
      picocolors: 1.1.1
      postcss: 8.5.14
      postcss-value-parser: 4.2.0

  balanced-match@1.0.2: {}

  baseline-browser-mapping@2.10.27: {}

  binary-extensions@2.3.0: {}

  boolbase@1.0.0: {}

  brace-expansion@2.1.0:
    dependencies:
      balanced-match: 1.0.2

  braces@3.0.3:
    dependencies:
      fill-range: 7.1.1

  browserslist@4.28.2:
    dependencies:
      baseline-browser-mapping: 2.10.27
      caniuse-lite: 1.0.30001792
      electron-to-chromium: 1.5.351
      node-releases: 2.0.38
      update-browserslist-db: 1.2.3(browserslist@4.28.2)

  caniuse-api@3.0.0:
    dependencies:
      browserslist: 4.28.2
      caniuse-lite: 1.0.30001792
      lodash.memoize: 4.1.2
      lodash.uniq: 4.5.0

  caniuse-lite@1.0.30001792: {}

  chokidar@3.6.0:
    dependencies:
      anymatch: 3.1.3
      braces: 3.0.3
      glob-parent: 5.1.2
      is-binary-path: 2.1.0
      is-glob: 4.0.3
      normalize-path: 3.0.0
      readdirp: 3.6.0
    optionalDependencies:
      fsevents: 2.3.3

  cliui@8.0.1:
    dependencies:
      string-width: 4.2.3
      strip-ansi: 6.0.1
      wrap-ansi: 7.0.0

  color-convert@2.0.1:
    dependencies:
      color-name: 1.1.4

  color-name@1.1.4: {}

  commander@11.1.0: {}

  commander@12.1.0: {}

  cross-spawn@7.0.6:
    dependencies:
      path-key: 3.1.1
      shebang-command: 2.0.0
      which: 2.0.2

  css-select@5.2.2:
    dependencies:
      boolbase: 1.0.0
      css-what: 6.2.2
      domhandler: 5.0.3
      domutils: 3.2.2
      nth-check: 2.1.1

  css-tree@2.2.1:
    dependencies:
      mdn-data: 2.0.28
      source-map-js: 1.2.1

  css-tree@3.2.1:
    dependencies:
      mdn-data: 2.27.1
      source-map-js: 1.2.1

  css-what@6.2.2: {}

  cssesc@3.0.0: {}

  cssnano-preset-default@8.0.0(postcss@8.5.14):
    dependencies:
      browserslist: 4.28.2
      cssnano-utils: 6.0.0(postcss@8.5.14)
      postcss: 8.5.14
      postcss-calc: 10.1.1(postcss@8.5.14)
      postcss-colormin: 8.0.0(postcss@8.5.14)
      postcss-convert-values: 8.0.0(postcss@8.5.14)
      postcss-discard-comments: 8.0.0(postcss@8.5.14)
      postcss-discard-duplicates: 8.0.0(postcss@8.5.14)
      postcss-discard-empty: 8.0.0(postcss@8.5.14)
      postcss-discard-overridden: 8.0.0(postcss@8.5.14)
      postcss-merge-longhand: 8.0.0(postcss@8.5.14)
      postcss-merge-rules: 8.0.0(postcss@8.5.14)
      postcss-minify-font-values: 8.0.0(postcss@8.5.14)
      postcss-minify-gradients: 8.0.0(postcss@8.5.14)
      postcss-minify-params: 8.0.0(postcss@8.5.14)
      postcss-minify-selectors: 8.0.0(postcss@8.5.14)
      postcss-normalize-charset: 8.0.0(postcss@8.5.14)
      postcss-normalize-display-values: 8.0.0(postcss@8.5.14)
      postcss-normalize-positions: 8.0.0(postcss@8.5.14)
      postcss-normalize-repeat-style: 8.0.0(postcss@8.5.14)
      postcss-normalize-string: 8.0.0(postcss@8.5.14)
      postcss-normalize-timing-functions: 8.0.0(postcss@8.5.14)
      postcss-normalize-unicode: 8.0.0(postcss@8.5.14)
      postcss-normalize-url: 8.0.0(postcss@8.5.14)
      postcss-normalize-whitespace: 8.0.0(postcss@8.5.14)
      postcss-ordered-values: 8.0.0(postcss@8.5.14)
      postcss-reduce-initial: 8.0.0(postcss@8.5.14)
      postcss-reduce-transforms: 8.0.0(postcss@8.5.14)
      postcss-svgo: 8.0.0(postcss@8.5.14)
      postcss-unique-selectors: 8.0.0(postcss@8.5.14)

  cssnano-utils@6.0.0(postcss@8.5.14):
    dependencies:
      postcss: 8.5.14

  cssnano@8.0.0(postcss@8.5.14):
    dependencies:
      cssnano-preset-default: 8.0.0(postcss@8.5.14)
      lilconfig: 3.1.3
      postcss: 8.5.14

  csso@5.0.5:
    dependencies:
      css-tree: 2.2.1

  daisyui@5.5.19: {}

  dependency-graph@1.0.0: {}

  dom-serializer@2.0.0:
    dependencies:
      domelementtype: 2.3.0
      domhandler: 5.0.3
      entities: 4.5.0

  domelementtype@2.3.0: {}

  domhandler@5.0.3:
    dependencies:
      domelementtype: 2.3.0

  domutils@3.2.2:
    dependencies:
      dom-serializer: 2.0.0
      domelementtype: 2.3.0
      domhandler: 5.0.3

  eastasianwidth@0.2.0: {}

  electron-to-chromium@1.5.351: {}

  emoji-regex@8.0.0: {}

  emoji-regex@9.2.2: {}

  entities@4.5.0: {}

  escalade@3.2.0: {}

  fdir@6.5.0(picomatch@4.0.4):
    optionalDependencies:
      picomatch: 4.0.4

  fill-range@7.1.1:
    dependencies:
      to-regex-range: 5.0.1

  foreground-child@3.3.1:
    dependencies:
      cross-spawn: 7.0.6
      signal-exit: 4.1.0

  fraction.js@5.3.4: {}

  fs-extra@11.3.4:
    dependencies:
      graceful-fs: 4.2.11
      jsonfile: 6.2.1
      universalify: 2.0.1

  fsevents@2.3.3:
    optional: true

  get-caller-file@2.0.5: {}

  glob-parent@5.1.2:
    dependencies:
      is-glob: 4.0.3

  glob@10.5.0:
    dependencies:
      foreground-child: 3.3.1
      jackspeak: 3.4.3
      minimatch: 9.0.9
      minipass: 7.1.3
      package-json-from-dist: 1.0.1
      path-scurry: 1.11.1

  graceful-fs@4.2.11: {}

  is-binary-path@2.1.0:
    dependencies:
      binary-extensions: 2.3.0

  is-extglob@2.1.1: {}

  is-fullwidth-code-point@3.0.0: {}

  is-glob@4.0.3:
    dependencies:
      is-extglob: 2.1.1

  is-number@7.0.0: {}

  isexe@2.0.0: {}

  jackspeak@3.4.3:
    dependencies:
      '@isaacs/cliui': 8.0.2
    optionalDependencies:
      '@pkgjs/parseargs': 0.11.0

  jsonfile@6.2.1:
    dependencies:
      universalify: 2.0.1
    optionalDependencies:
      graceful-fs: 4.2.11

  lilconfig@3.1.3: {}

  lodash.memoize@4.1.2: {}

  lodash.uniq@4.5.0: {}

  lru-cache@10.4.3: {}

  mdn-data@2.0.28: {}

  mdn-data@2.27.1: {}

  minimatch@9.0.9:
    dependencies:
      brace-expansion: 2.1.0

  minipass@7.1.3: {}

  nanoid@3.3.12: {}

  node-releases@2.0.38: {}

  normalize-path@3.0.0: {}

  nth-check@2.1.1:
    dependencies:
      boolbase: 1.0.0

  package-json-from-dist@1.0.1: {}

  path-key@3.1.1: {}

  path-scurry@1.11.1:
    dependencies:
      lru-cache: 10.4.3
      minipass: 7.1.3

  picocolors@1.1.1: {}

  picomatch@2.3.2: {}

  picomatch@4.0.4: {}

  pify@2.3.0: {}

  postcss-calc@10.1.1(postcss@8.5.14):
    dependencies:
      postcss: 8.5.14
      postcss-selector-parser: 7.1.1
      postcss-value-parser: 4.2.0

  postcss-cli@11.0.1(postcss@8.5.14):
    dependencies:
      chokidar: 3.6.0
      dependency-graph: 1.0.0
      fs-extra: 11.3.4
      picocolors: 1.1.1
      postcss: 8.5.14
      postcss-load-config: 5.1.0(postcss@8.5.14)
      postcss-reporter: 7.1.0(postcss@8.5.14)
      pretty-hrtime: 1.0.3
      read-cache: 1.0.0
      slash: 5.1.0
      tinyglobby: 0.2.16
      yargs: 17.7.2
    transitivePeerDependencies:
      - jiti
      - tsx

  postcss-colormin@8.0.0(postcss@8.5.14):
    dependencies:
      '@colordx/core': 5.4.3
      browserslist: 4.28.2
      caniuse-api: 3.0.0
      postcss: 8.5.14
      postcss-value-parser: 4.2.0

  postcss-convert-values@8.0.0(postcss@8.5.14):
    dependencies:
      browserslist: 4.28.2
      postcss: 8.5.14
      postcss-value-parser: 4.2.0

  postcss-discard-comments@8.0.0(postcss@8.5.14):
    dependencies:
      postcss: 8.5.14
      postcss-selector-parser: 7.1.1

  postcss-discard-duplicates@8.0.0(postcss@8.5.14):
    dependencies:
      postcss: 8.5.14

  postcss-discard-empty@8.0.0(postcss@8.5.14):
    dependencies:
      postcss: 8.5.14

  postcss-discard-overridden@8.0.0(postcss@8.5.14):
    dependencies:
      postcss: 8.5.14

  postcss-load-config@5.1.0(postcss@8.5.14):
    dependencies:
      lilconfig: 3.1.3
      yaml: 2.8.4
    optionalDependencies:
      postcss: 8.5.14

  postcss-merge-longhand@8.0.0(postcss@8.5.14):
    dependencies:
      postcss: 8.5.14
      postcss-value-parser: 4.2.0
      stylehacks: 8.0.0(postcss@8.5.14)

  postcss-merge-rules@8.0.0(postcss@8.5.14):
    dependencies:
      browserslist: 4.28.2
      caniuse-api: 3.0.0
      cssnano-utils: 6.0.0(postcss@8.5.14)
      postcss: 8.5.14
      postcss-selector-parser: 7.1.1

  postcss-minify-font-values@8.0.0(postcss@8.5.14):
    dependencies:
      postcss: 8.5.14
      postcss-value-parser: 4.2.0

  postcss-minify-gradients@8.0.0(postcss@8.5.14):
    dependencies:
      '@colordx/core': 5.4.3
      cssnano-utils: 6.0.0(postcss@8.5.14)
      postcss: 8.5.14
      postcss-value-parser: 4.2.0

  postcss-minify-params@8.0.0(postcss@8.5.14):
    dependencies:
      browserslist: 4.28.2
      cssnano-utils: 6.0.0(postcss@8.5.14)
      postcss: 8.5.14
      postcss-value-parser: 4.2.0

  postcss-minify-selectors@8.0.0(postcss@8.5.14):
    dependencies:
      browserslist: 4.28.2
      caniuse-api: 3.0.0
      cssesc: 3.0.0
      postcss: 8.5.14
      postcss-selector-parser: 7.1.1

  postcss-normalize-charset@8.0.0(postcss@8.5.14):
    dependencies:
      postcss: 8.5.14

  postcss-normalize-display-values@8.0.0(postcss@8.5.14):
    dependencies:
      postcss: 8.5.14
      postcss-value-parser: 4.2.0

  postcss-normalize-positions@8.0.0(postcss@8.5.14):
    dependencies:
      postcss: 8.5.14
      postcss-value-parser: 4.2.0

  postcss-normalize-repeat-style@8.0.0(postcss@8.5.14):
    dependencies:
      postcss: 8.5.14
      postcss-value-parser: 4.2.0

  postcss-normalize-string@8.0.0(postcss@8.5.14):
    dependencies:
      postcss: 8.5.14
      postcss-value-parser: 4.2.0

  postcss-normalize-timing-functions@8.0.0(postcss@8.5.14):
    dependencies:
      postcss: 8.5.14
      postcss-value-parser: 4.2.0

  postcss-normalize-unicode@8.0.0(postcss@8.5.14):
    dependencies:
      browserslist: 4.28.2
      postcss: 8.5.14
      postcss-value-parser: 4.2.0

  postcss-normalize-url@8.0.0(postcss@8.5.14):
    dependencies:
      postcss: 8.5.14
      postcss-value-parser: 4.2.0

  postcss-normalize-whitespace@8.0.0(postcss@8.5.14):
    dependencies:
      postcss: 8.5.14
      postcss-value-parser: 4.2.0

  postcss-ordered-values@8.0.0(postcss@8.5.14):
    dependencies:
      cssnano-utils: 6.0.0(postcss@8.5.14)
      postcss: 8.5.14
      postcss-value-parser: 4.2.0

  postcss-reduce-initial@8.0.0(postcss@8.5.14):
    dependencies:
      browserslist: 4.28.2
      caniuse-api: 3.0.0
      postcss: 8.5.14

  postcss-reduce-transforms@8.0.0(postcss@8.5.14):
    dependencies:
      postcss: 8.5.14
      postcss-value-parser: 4.2.0

  postcss-reporter@7.1.0(postcss@8.5.14):
    dependencies:
      picocolors: 1.1.1
      postcss: 8.5.14
      thenby: 1.4.1

  postcss-selector-parser@6.1.2:
    dependencies:
      cssesc: 3.0.0
      util-deprecate: 1.0.2

  postcss-selector-parser@7.1.1:
    dependencies:
      cssesc: 3.0.0
      util-deprecate: 1.0.2

  postcss-svgo@8.0.0(postcss@8.5.14):
    dependencies:
      postcss: 8.5.14
      postcss-value-parser: 4.2.0
      svgo: 4.0.1

  postcss-unique-selectors@8.0.0(postcss@8.5.14):
    dependencies:
      postcss: 8.5.14
      postcss-selector-parser: 7.1.1

  postcss-value-parser@4.2.0: {}

  postcss@8.5.14:
    dependencies:
      nanoid: 3.3.12
      picocolors: 1.1.1
      source-map-js: 1.2.1

  pretty-hrtime@1.0.3: {}

  purgecss@6.0.0:
    dependencies:
      commander: 12.1.0
      glob: 10.5.0
      postcss: 8.5.14
      postcss-selector-parser: 6.1.2

  read-cache@1.0.0:
    dependencies:
      pify: 2.3.0

  readdirp@3.6.0:
    dependencies:
      picomatch: 2.3.2

  require-directory@2.1.1: {}

  sax@1.6.0: {}

  shebang-command@2.0.0:
    dependencies:
      shebang-regex: 3.0.0

  shebang-regex@3.0.0: {}

  signal-exit@4.1.0: {}

  slash@5.1.0: {}

  source-map-js@1.2.1: {}

  string-width@4.2.3:
    dependencies:
      emoji-regex: 8.0.0
      is-fullwidth-code-point: 3.0.0
      strip-ansi: 6.0.1

  string-width@5.1.2:
    dependencies:
      eastasianwidth: 0.2.0
      emoji-regex: 9.2.2
      strip-ansi: 7.2.0

  strip-ansi@6.0.1:
    dependencies:
      ansi-regex: 5.0.1

  strip-ansi@7.2.0:
    dependencies:
      ansi-regex: 6.2.2

  stylehacks@8.0.0(postcss@8.5.14):
    dependencies:
      browserslist: 4.28.2
      postcss: 8.5.14
      postcss-selector-parser: 7.1.1

  svgo@4.0.1:
    dependencies:
      commander: 11.1.0
      css-select: 5.2.2
      css-tree: 3.2.1
      css-what: 6.2.2
      csso: 5.0.5
      picocolors: 1.1.1
      sax: 1.6.0

  tailwindcss@4.2.4: {}

  thenby@1.4.1: {}

  tinyglobby@0.2.16:
    dependencies:
      fdir: 6.5.0(picomatch@4.0.4)
      picomatch: 4.0.4

  to-regex-range@5.0.1:
    dependencies:
      is-number: 7.0.0

  universalify@2.0.1: {}

  update-browserslist-db@1.2.3(browserslist@4.28.2):
    dependencies:
      browserslist: 4.28.2
      escalade: 3.2.0
      picocolors: 1.1.1

  util-deprecate@1.0.2: {}

  which@2.0.2:
    dependencies:
      isexe: 2.0.0

  wrap-ansi@7.0.0:
    dependencies:
      ansi-styles: 4.3.0
      string-width: 4.2.3
      strip-ansi: 6.0.1

  wrap-ansi@8.1.0:
    dependencies:
      ansi-styles: 6.2.3
      string-width: 5.1.2
      strip-ansi: 7.2.0

  y18n@5.0.8: {}

  yaml@2.8.4: {}

  yargs-parser@21.1.1: {}

  yargs@17.7.2:
    dependencies:
      cliui: 8.0.1
      escalade: 3.2.0
      get-caller-file: 2.0.5
      require-directory: 2.1.1
      string-width: 4.2.3
      y18n: 5.0.8
      yargs-parser: 21.1.1
